
Microsoft Visual Studio Solution File, Format Version 12.00
# Visual Studio 14
VisualStudioVersion = 14.0.25123.0
MinimumVisualStudioVersion = 10.0.40219.1
Project("{8BC9CEB8-8B4A-11D0-8D11-00A0C91BC942}") = "UberKey", "UberKey\UberKey.vcxproj", "{225D8CBD-7392-4B4C-97C5-4D8E79A655D6}"
	ProjectSection(ProjectDependencies) = postProject
		{7C745713-C3F9-4966-A10B-871DDBB3DCD2} = {7C745713-C3F9-4966-A10B-871DDBB3DCD2}
	EndProjectSection
EndProject
Project("{8BC9CEB8-8B4A-11D0-8D11-00A0C91BC942}") = "KeyFilter", "KeyFilter\KeyFilter.vcxproj", "{7C745713-C3F9-4966-A10B-871DDBB3DCD2}"
EndProject
Global
	GlobalSection(SolutionConfigurationPlatforms) = preSolution
		Debug|x64 = Debug|x64
		Debug|x86 = Debug|x86
		Release|x64 = Release|x64
		Release|x86 = Release|x86
	EndGlobalSection
	GlobalSection(ProjectConfigurationPlatforms) = postSolution
		{225D8CBD-7392-4B4C-97C5-4D8E79A655D6}.Debug|x64.ActiveCfg = Debug|x64
		{225D8CBD-7392-4B4C-97C5-4D8E79A655D6}.Debug|x64.Build.0 = Debug|x64
		{225D8CBD-7392-4B4C-97C5-4D8E79A655D6}.Debug|x86.ActiveCfg = Debug|Win32
		{225D8CBD-7392-4B4C-97C5-4D8E79A655D6}.Debug|x86.Build.0 = Debug|Win32
		{225D8CBD-7392-4B4C-97C5-4D8E79A655D6}.Release|x64.ActiveCfg = Release|x64
		{225D8CBD-7392-4B4C-97C5-4D8E79A655D6}.Release|x64.Build.0 = Release|x64
		{225D8CBD-7392-4B4C-97C5-4D8E79A655D6}.Release|x86.ActiveCfg = Release|Win32
		{225D8CBD-7392-4B4C-97C5-4D8E79A655D6}.Release|x86.Build.0 = Release|Win32
		{7C745713-C3F9-4966-A10B-871DDBB3DCD2}.Debug|x64.ActiveCfg = Debug|x64
		{7C745713-C3F9-4966-A10B-871DDBB3DCD2}.Debug|x64.Build.0 = Debug|x64
		{7C745713-C3F9-4966-A10B-871DDBB3DCD2}.Debug|x86.ActiveCfg = Debug|Win32
		{7C745713-C3F9-4966-A10B-871DDBB3DCD2}.Debug|x86.Build.0 = Debug|Win32
		{7C745713-C3F9-4966-A10B-871DDBB3DCD2}.Release|x64.ActiveCfg = Release|x64
		{7C745713-C3F9-4966-A10B-871DDBB3DCD2}.Release|x64.Build.0 = Release|x64
		{7C745713-C3F9-4966-A10B-871DDBB3DCD2}.Release|x86.ActiveCfg = Release|Win32
		{7C745713-C3F9-4966-A10B-871DDBB3DCD2}.Release|x86.Build.0 = Release|Win32
	EndGlobalSection
	GlobalSection(SolutionProperties) = preSolution
		HideSolutionNode = FALSE
	EndGlobalSection
EndGlobal
